// !$*UTF8*$!
{
	archiveVersion = 1;
	classes = {
	};
	objectVersion = 55;
	objects = {

/* Begin PBXBuildFile section */
		FA0081C127206F9B004719BE /* DietTitle.swift in Sources */ = {isa = PBXBuildFile; fileRef = FA0081C027206F9B004719BE /* DietTitle.swift */; };
		FA0081C427206FDA004719BE /* DietCard.swift in Sources */ = {isa = PBXBuildFile; fileRef = FA0081C327206FDA004719BE /* DietCard.swift */; };
		FA0081C72720700E004719BE /* DietCardMainLabel.swift in Sources */ = {isa = PBXBuildFile; fileRef = FA0081C62720700E004719BE /* DietCardMainLabel.swift */; };
		FA0081CA27207039004719BE /* MacroLabel.swift in Sources */ = {isa = PBXBuildFile; fileRef = FA0081C927207039004719BE /* MacroLabel.swift */; };
		FA0081CE272071F6004719BE /* RoundedCorners.swift in Sources */ = {isa = PBXBuildFile; fileRef = FA0081CD272071F6004719BE /* RoundedCorners.swift */; };
		FA0081D127207226004719BE /* MealCard.swift in Sources */ = {isa = PBXBuildFile; fileRef = FA0081D027207226004719BE /* MealCard.swift */; };
		FA0081D427207259004719BE /* MealsToday.swift in Sources */ = {isa = PBXBuildFile; fileRef = FA0081D327207259004719BE /* MealsToday.swift */; };
		FA0081D727207286004719BE /* SnackCard.swift in Sources */ = {isa = PBXBuildFile; fileRef = FA0081D627207286004719BE /* SnackCard.swift */; };
		FA0081DA272072B5004719BE /* ShadowLevels.swift in Sources */ = {isa = PBXBuildFile; fileRef = FA0081D9272072B5004719BE /* ShadowLevels.swift */; };
		FA0081DD27209455004719BE /* WeightCard.swift in Sources */ = {isa = PBXBuildFile; fileRef = FA0081DC27209455004719BE /* WeightCard.swift */; };
		FA0081E027209831004719BE /* DateChanger.swift in Sources */ = {isa = PBXBuildFile; fileRef = FA0081DF27209831004719BE /* DateChanger.swift */; };
		FA17BF4827C0528C00F662C6 /* EditingResultsView.swift in Sources */ = {isa = PBXBuildFile; fileRef = FA17BF4727C0528C00F662C6 /* EditingResultsView.swift */; };
		FA1E35C427ECD20E007864F6 /* ListStyleTest.swift in Sources */ = {isa = PBXBuildFile; fileRef = FA1E35C327ECD20E007864F6 /* ListStyleTest.swift */; };
		FA24FDCD27D3F9B9003EE197 /* CloudKit.framework in Frameworks */ = {isa = PBXBuildFile; fileRef = FA24FDCC27D3F9B9003EE197 /* CloudKit.framework */; };
		FA35DA9E29A3DC9200D0A811 /* CustomSegementedControl.swift in Sources */ = {isa = PBXBuildFile; fileRef = FA35DA9D29A3DC9200D0A811 /* CustomSegementedControl.swift */; };
		FA43D71F27B4988000A709B3 /* JsonResponseView.swift in Sources */ = {isa = PBXBuildFile; fileRef = FA43D71E27B4988000A709B3 /* JsonResponseView.swift */; };
		FA719621279B1E6400A50598 /* LaunchScreen.storyboard in Resources */ = {isa = PBXBuildFile; fileRef = FA719620279B1E6400A50598 /* LaunchScreen.storyboard */; };
		FA72D58427D2E76C00EFFCC4 /* AddMoreFoodView.swift in Sources */ = {isa = PBXBuildFile; fileRef = FA72D58327D2E76C00EFFCC4 /* AddMoreFoodView.swift */; };
		FA7BC5BA27C9822500816E59 /* CodeScanner in Frameworks */ = {isa = PBXBuildFile; productRef = FA7BC5B927C9822500816E59 /* CodeScanner */; };
		FA80108127D95C77000CADD9 /* PlanView.swift in Sources */ = {isa = PBXBuildFile; fileRef = FA80108027D95C77000CADD9 /* PlanView.swift */; };
		FA844A0127EA81BC00323570 /* AppDelegate.swift in Sources */ = {isa = PBXBuildFile; fileRef = FA844A0027EA81BC00323570 /* AppDelegate.swift */; };
		FA8E989827BEAB8E00EA297B /* MatchedView.swift in Sources */ = {isa = PBXBuildFile; fileRef = FA8E989727BEAB8E00EA297B /* MatchedView.swift */; };
		FA90011827D80CC8003A8F81 /* InstantQueryResponseView.swift in Sources */ = {isa = PBXBuildFile; fileRef = FA90011727D80CC8003A8F81 /* InstantQueryResponseView.swift */; };
		FA95577627B57B1A009FFE27 /* DiaryViewBackground.swift in Sources */ = {isa = PBXBuildFile; fileRef = FA95577527B57B1A009FFE27 /* DiaryViewBackground.swift */; };
		FA97110029A189FD002ADC78 /* DietOptionsSegementedControl.swift in Sources */ = {isa = PBXBuildFile; fileRef = FA9710FF29A189FD002ADC78 /* DietOptionsSegementedControl.swift */; };
		FAA2BD4128A0CBDC000E3D86 /* DietCardEatenLabel.swift in Sources */ = {isa = PBXBuildFile; fileRef = FAA2BD4028A0CBDC000E3D86 /* DietCardEatenLabel.swift */; };
		FAAC72C727A3252600508702 /* WelcomeView.swift in Sources */ = {isa = PBXBuildFile; fileRef = FAAC72C627A3252600508702 /* WelcomeView.swift */; };
		FAB25D1E27D9758900033377 /* Lottie in Frameworks */ = {isa = PBXBuildFile; productRef = FAB25D1D27D9758900033377 /* Lottie */; };
		FAB25D2027D9767500033377 /* LottieView.swift in Sources */ = {isa = PBXBuildFile; fileRef = FAB25D1F27D9767500033377 /* LottieView.swift */; };
		FAB2BEEA27AC8A38009DA8E4 /* AddingFoodScreen.swift in Sources */ = {isa = PBXBuildFile; fileRef = FAB2BEE927AC8A38009DA8E4 /* AddingFoodScreen.swift */; };
		FAC091C527D9143C00679C75 /* BarcodeButton.swift in Sources */ = {isa = PBXBuildFile; fileRef = FAC091C427D9143C00679C75 /* BarcodeButton.swift */; };
		FAC7DEEF27D3F75200006BE1 /* SavedFoodsHistory.xcdatamodeld in Sources */ = {isa = PBXBuildFile; fileRef = FAC7DEED27D3F75200006BE1 /* SavedFoodsHistory.xcdatamodeld */; };
		FAC7DEF227D3F7D400006BE1 /* Persistence.swift in Sources */ = {isa = PBXBuildFile; fileRef = FAC7DEF127D3F7D400006BE1 /* Persistence.swift */; };
		FAD169BA271DFAAE00C21397 /* Dietic.swift in Sources */ = {isa = PBXBuildFile; fileRef = FAD169AA271DFAAD00C21397 /* Dietic.swift */; };
		FAD169BC271DFAAE00C21397 /* ContentView.swift in Sources */ = {isa = PBXBuildFile; fileRef = FAD169AB271DFAAD00C21397 /* ContentView.swift */; };
		FAD169BE271DFAAE00C21397 /* Assets.xcassets in Resources */ = {isa = PBXBuildFile; fileRef = FAD169AC271DFAAE00C21397 /* Assets.xcassets */; };
		FAD169E2271DFB1000C21397 /* HealthKit.framework in Frameworks */ = {isa = PBXBuildFile; fileRef = FAD169E1271DFB1000C21397 /* HealthKit.framework */; };
		FAD169F0271DFC5A00C21397 /* FastingManager.swift in Sources */ = {isa = PBXBuildFile; fileRef = FAD169EF271DFC5A00C21397 /* FastingManager.swift */; };
		FAD169F3271DFC9100C21397 /* Calorie.swift in Sources */ = {isa = PBXBuildFile; fileRef = FAD169F2271DFC9100C21397 /* Calorie.swift */; };
		FAD169F6271DFCAA00C21397 /* DateExtension.swift in Sources */ = {isa = PBXBuildFile; fileRef = FAD169F5271DFCAA00C21397 /* DateExtension.swift */; };
		FAD169F9271DFCD400C21397 /* HKBiologicalSex.swift in Sources */ = {isa = PBXBuildFile; fileRef = FAD169F8271DFCD400C21397 /* HKBiologicalSex.swift */; };
		FAD169FE271DFD1C00C21397 /* Home.swift in Sources */ = {isa = PBXBuildFile; fileRef = FAD169FD271DFD1C00C21397 /* Home.swift */; };
		FAD16A01271DFEFB00C21397 /* DietDetailView.swift in Sources */ = {isa = PBXBuildFile; fileRef = FAD16A00271DFEFB00C21397 /* DietDetailView.swift */; };
		FAD16A04271E042B00C21397 /* ProgressRingView.swift in Sources */ = {isa = PBXBuildFile; fileRef = FAD16A03271E042B00C21397 /* ProgressRingView.swift */; };
		FAD16A07271E07E400C21397 /* ColorHex.swift in Sources */ = {isa = PBXBuildFile; fileRef = FAD16A06271E07E400C21397 /* ColorHex.swift */; };
		FAD1ADCE272125EA00785223 /* GoalSettings.swift in Sources */ = {isa = PBXBuildFile; fileRef = FAD1ADCD272125EA00785223 /* GoalSettings.swift */; };
		FAF517B327232B2B00BD54E7 /* Bar.swift in Sources */ = {isa = PBXBuildFile; fileRef = FAF517B227232B2B00BD54E7 /* Bar.swift */; };
		FAF517B627232B4400BD54E7 /* BarGraphBackground.swift in Sources */ = {isa = PBXBuildFile; fileRef = FAF517B527232B4400BD54E7 /* BarGraphBackground.swift */; };
		FAF517B927232B6400BD54E7 /* DashedLine.swift in Sources */ = {isa = PBXBuildFile; fileRef = FAF517B827232B6400BD54E7 /* DashedLine.swift */; };
		FAF517BC27232F3B00BD54E7 /* CapsuleMacroView.swift in Sources */ = {isa = PBXBuildFile; fileRef = FAF517BB27232F3B00BD54E7 /* CapsuleMacroView.swift */; };
		FAF517BF27232F6D00BD54E7 /* MacronutrientAnalysis.swift in Sources */ = {isa = PBXBuildFile; fileRef = FAF517BE27232F6D00BD54E7 /* MacronutrientAnalysis.swift */; };
		FAF517C227232F9400BD54E7 /* CompleteGraph.swift in Sources */ = {isa = PBXBuildFile; fileRef = FAF517C127232F9400BD54E7 /* CompleteGraph.swift */; };
		FAF517C527232FA500BD54E7 /* BarGraph.swift in Sources */ = {isa = PBXBuildFile; fileRef = FAF517C427232FA500BD54E7 /* BarGraph.swift */; };
		FAF517C827232FBC00BD54E7 /* TextGraph.swift in Sources */ = {isa = PBXBuildFile; fileRef = FAF517C727232FBC00BD54E7 /* TextGraph.swift */; };
		FAF517CB27232FCB00BD54E7 /* ArrowViewGraph.swift in Sources */ = {isa = PBXBuildFile; fileRef = FAF517CA27232FCB00BD54E7 /* ArrowViewGraph.swift */; };
		FAFEC33527DA7BBA009BEAE2 /* VisualEffectBlur.swift in Sources */ = {isa = PBXBuildFile; fileRef = FAFEC33427DA7BBA009BEAE2 /* VisualEffectBlur.swift */; };
		FAFEC33827DA7C90009BEAE2 /* BlurView.swift in Sources */ = {isa = PBXBuildFile; fileRef = FAFEC33727DA7C90009BEAE2 /* BlurView.swift */; };
/* End PBXBuildFile section */

/* Begin PBXFileReference section */
		FA0081C027206F9B004719BE /* DietTitle.swift */ = {isa = PBXFileReference; lastKnownFileType = sourcecode.swift; path = DietTitle.swift; sourceTree = "<group>"; };
		FA0081C327206FDA004719BE /* DietCard.swift */ = {isa = PBXFileReference; lastKnownFileType = sourcecode.swift; path = DietCard.swift; sourceTree = "<group>"; };
		FA0081C62720700E004719BE /* DietCardMainLabel.swift */ = {isa = PBXFileReference; lastKnownFileType = sourcecode.swift; path = DietCardMainLabel.swift; sourceTree = "<group>"; };
		FA0081C927207039004719BE /* MacroLabel.swift */ = {isa = PBXFileReference; lastKnownFileType = sourcecode.swift; path = MacroLabel.swift; sourceTree = "<group>"; };
		FA0081CD272071F6004719BE /* RoundedCorners.swift */ = {isa = PBXFileReference; lastKnownFileType = sourcecode.swift; path = RoundedCorners.swift; sourceTree = "<group>"; };
		FA0081D027207226004719BE /* MealCard.swift */ = {isa = PBXFileReference; lastKnownFileType = sourcecode.swift; path = MealCard.swift; sourceTree = "<group>"; };
		FA0081D327207259004719BE /* MealsToday.swift */ = {isa = PBXFileReference; lastKnownFileType = sourcecode.swift; path = MealsToday.swift; sourceTree = "<group>"; };
		FA0081D627207286004719BE /* SnackCard.swift */ = {isa = PBXFileReference; lastKnownFileType = sourcecode.swift; path = SnackCard.swift; sourceTree = "<group>"; };
		FA0081D9272072B5004719BE /* ShadowLevels.swift */ = {isa = PBXFileReference; lastKnownFileType = sourcecode.swift; path = ShadowLevels.swift; sourceTree = "<group>"; };
		FA0081DC27209455004719BE /* WeightCard.swift */ = {isa = PBXFileReference; lastKnownFileType = sourcecode.swift; path = WeightCard.swift; sourceTree = "<group>"; };
		FA0081DF27209831004719BE /* DateChanger.swift */ = {isa = PBXFileReference; lastKnownFileType = sourcecode.swift; path = DateChanger.swift; sourceTree = "<group>"; };
		FA17BF4727C0528C00F662C6 /* EditingResultsView.swift */ = {isa = PBXFileReference; lastKnownFileType = sourcecode.swift; path = EditingResultsView.swift; sourceTree = "<group>"; };
		FA1E35C327ECD20E007864F6 /* ListStyleTest.swift */ = {isa = PBXFileReference; lastKnownFileType = sourcecode.swift; path = ListStyleTest.swift; sourceTree = "<group>"; };
		FA24FDCC27D3F9B9003EE197 /* CloudKit.framework */ = {isa = PBXFileReference; lastKnownFileType = wrapper.framework; name = CloudKit.framework; path = Platforms/iPhoneOS.platform/Developer/SDKs/iPhoneOS15.2.sdk/System/Library/Frameworks/CloudKit.framework; sourceTree = DEVELOPER_DIR; };
		FA35DA9D29A3DC9200D0A811 /* CustomSegementedControl.swift */ = {isa = PBXFileReference; lastKnownFileType = sourcecode.swift; path = CustomSegementedControl.swift; sourceTree = "<group>"; };
		FA43D71E27B4988000A709B3 /* JsonResponseView.swift */ = {isa = PBXFileReference; lastKnownFileType = sourcecode.swift; path = JsonResponseView.swift; sourceTree = "<group>"; };
		FA719620279B1E6400A50598 /* LaunchScreen.storyboard */ = {isa = PBXFileReference; lastKnownFileType = file.storyboard; path = LaunchScreen.storyboard; sourceTree = "<group>"; };
		FA72D58327D2E76C00EFFCC4 /* AddMoreFoodView.swift */ = {isa = PBXFileReference; lastKnownFileType = sourcecode.swift; path = AddMoreFoodView.swift; sourceTree = "<group>"; };
		FA80108027D95C77000CADD9 /* PlanView.swift */ = {isa = PBXFileReference; lastKnownFileType = sourcecode.swift; path = PlanView.swift; sourceTree = "<group>"; };
		FA844A0027EA81BC00323570 /* AppDelegate.swift */ = {isa = PBXFileReference; lastKnownFileType = sourcecode.swift; path = AppDelegate.swift; sourceTree = "<group>"; };
		FA8E989727BEAB8E00EA297B /* MatchedView.swift */ = {isa = PBXFileReference; lastKnownFileType = sourcecode.swift; path = MatchedView.swift; sourceTree = "<group>"; };
		FA90011727D80CC8003A8F81 /* InstantQueryResponseView.swift */ = {isa = PBXFileReference; lastKnownFileType = sourcecode.swift; path = InstantQueryResponseView.swift; sourceTree = "<group>"; };
		FA95577527B57B1A009FFE27 /* DiaryViewBackground.swift */ = {isa = PBXFileReference; lastKnownFileType = sourcecode.swift; path = DiaryViewBackground.swift; sourceTree = "<group>"; };
		FA9710FF29A189FD002ADC78 /* DietOptionsSegementedControl.swift */ = {isa = PBXFileReference; lastKnownFileType = sourcecode.swift; path = DietOptionsSegementedControl.swift; sourceTree = "<group>"; };
		FAA2BD4028A0CBDC000E3D86 /* DietCardEatenLabel.swift */ = {isa = PBXFileReference; lastKnownFileType = sourcecode.swift; path = DietCardEatenLabel.swift; sourceTree = "<group>"; };
		FAAC72C627A3252600508702 /* WelcomeView.swift */ = {isa = PBXFileReference; lastKnownFileType = sourcecode.swift; path = WelcomeView.swift; sourceTree = "<group>"; };
		FAB25D1F27D9767500033377 /* LottieView.swift */ = {isa = PBXFileReference; lastKnownFileType = sourcecode.swift; path = LottieView.swift; sourceTree = "<group>"; };
		FAB2BEE927AC8A38009DA8E4 /* AddingFoodScreen.swift */ = {isa = PBXFileReference; lastKnownFileType = sourcecode.swift; path = AddingFoodScreen.swift; sourceTree = "<group>"; };
		FAC091C427D9143C00679C75 /* BarcodeButton.swift */ = {isa = PBXFileReference; lastKnownFileType = sourcecode.swift; path = BarcodeButton.swift; sourceTree = "<group>"; };
		FAC7DEEE27D3F75200006BE1 /* SavedFoodsHistory.xcdatamodel */ = {isa = PBXFileReference; lastKnownFileType = wrapper.xcdatamodel; path = SavedFoodsHistory.xcdatamodel; sourceTree = "<group>"; };
		FAC7DEF127D3F7D400006BE1 /* Persistence.swift */ = {isa = PBXFileReference; lastKnownFileType = sourcecode.swift; path = Persistence.swift; sourceTree = "<group>"; };
		FAC7DEF427D3F81A00006BE1 /* Dietic--iOS--Info.plist */ = {isa = PBXFileReference; lastKnownFileType = text.plist; path = "Dietic--iOS--Info.plist"; sourceTree = "<group>"; };
		FAD169AA271DFAAD00C21397 /* Dietic.swift */ = {isa = PBXFileReference; lastKnownFileType = sourcecode.swift; path = Dietic.swift; sourceTree = "<group>"; };
		FAD169AB271DFAAD00C21397 /* ContentView.swift */ = {isa = PBXFileReference; lastKnownFileType = sourcecode.swift; path = ContentView.swift; sourceTree = "<group>"; };
		FAD169AC271DFAAE00C21397 /* Assets.xcassets */ = {isa = PBXFileReference; lastKnownFileType = folder.assetcatalog; path = Assets.xcassets; sourceTree = "<group>"; };
		FAD169B1271DFAAE00C21397 /* Dietic.app */ = {isa = PBXFileReference; explicitFileType = wrapper.application; includeInIndex = 0; path = Dietic.app; sourceTree = BUILT_PRODUCTS_DIR; };
		FAD169B9271DFAAE00C21397 /* macOS.entitlements */ = {isa = PBXFileReference; lastKnownFileType = text.plist.entitlements; path = macOS.entitlements; sourceTree = "<group>"; };
		FAD169DF271DFB1000C21397 /* Dietic (iOS).entitlements */ = {isa = PBXFileReference; lastKnownFileType = text.plist.entitlements; path = "Dietic (iOS).entitlements"; sourceTree = "<group>"; };
		FAD169E1271DFB1000C21397 /* HealthKit.framework */ = {isa = PBXFileReference; lastKnownFileType = wrapper.framework; name = HealthKit.framework; path = Platforms/iPhoneOS.platform/Developer/SDKs/iPhoneOS15.0.sdk/System/Library/Frameworks/HealthKit.framework; sourceTree = DEVELOPER_DIR; };
		FAD169EF271DFC5A00C21397 /* FastingManager.swift */ = {isa = PBXFileReference; lastKnownFileType = sourcecode.swift; path = FastingManager.swift; sourceTree = "<group>"; };
		FAD169F2271DFC9100C21397 /* Calorie.swift */ = {isa = PBXFileReference; lastKnownFileType = sourcecode.swift; path = Calorie.swift; sourceTree = "<group>"; };
		FAD169F5271DFCAA00C21397 /* DateExtension.swift */ = {isa = PBXFileReference; lastKnownFileType = sourcecode.swift; path = DateExtension.swift; sourceTree = "<group>"; };
		FAD169F8271DFCD400C21397 /* HKBiologicalSex.swift */ = {isa = PBXFileReference; lastKnownFileType = sourcecode.swift; path = HKBiologicalSex.swift; sourceTree = "<group>"; };
		FAD169FD271DFD1C00C21397 /* Home.swift */ = {isa = PBXFileReference; lastKnownFileType = sourcecode.swift; path = Home.swift; sourceTree = "<group>"; };
		FAD16A00271DFEFB00C21397 /* DietDetailView.swift */ = {isa = PBXFileReference; lastKnownFileType = sourcecode.swift; path = DietDetailView.swift; sourceTree = "<group>"; };
		FAD16A03271E042B00C21397 /* ProgressRingView.swift */ = {isa = PBXFileReference; lastKnownFileType = sourcecode.swift; path = ProgressRingView.swift; sourceTree = "<group>"; };
		FAD16A06271E07E400C21397 /* ColorHex.swift */ = {isa = PBXFileReference; lastKnownFileType = sourcecode.swift; path = ColorHex.swift; sourceTree = "<group>"; };
		FAD1ADCD272125EA00785223 /* GoalSettings.swift */ = {isa = PBXFileReference; lastKnownFileType = sourcecode.swift; path = GoalSettings.swift; sourceTree = "<group>"; };
		FAF517B227232B2B00BD54E7 /* Bar.swift */ = {isa = PBXFileReference; lastKnownFileType = sourcecode.swift; path = Bar.swift; sourceTree = "<group>"; };
		FAF517B527232B4400BD54E7 /* BarGraphBackground.swift */ = {isa = PBXFileReference; lastKnownFileType = sourcecode.swift; path = BarGraphBackground.swift; sourceTree = "<group>"; };
		FAF517B827232B6400BD54E7 /* DashedLine.swift */ = {isa = PBXFileReference; lastKnownFileType = sourcecode.swift; path = DashedLine.swift; sourceTree = "<group>"; };
		FAF517BB27232F3B00BD54E7 /* CapsuleMacroView.swift */ = {isa = PBXFileReference; lastKnownFileType = sourcecode.swift; path = CapsuleMacroView.swift; sourceTree = "<group>"; };
		FAF517BE27232F6D00BD54E7 /* MacronutrientAnalysis.swift */ = {isa = PBXFileReference; lastKnownFileType = sourcecode.swift; path = MacronutrientAnalysis.swift; sourceTree = "<group>"; };
		FAF517C127232F9400BD54E7 /* CompleteGraph.swift */ = {isa = PBXFileReference; lastKnownFileType = sourcecode.swift; path = CompleteGraph.swift; sourceTree = "<group>"; };
		FAF517C427232FA500BD54E7 /* BarGraph.swift */ = {isa = PBXFileReference; lastKnownFileType = sourcecode.swift; path = BarGraph.swift; sourceTree = "<group>"; };
		FAF517C727232FBC00BD54E7 /* TextGraph.swift */ = {isa = PBXFileReference; lastKnownFileType = sourcecode.swift; path = TextGraph.swift; sourceTree = "<group>"; };
		FAF517CA27232FCB00BD54E7 /* ArrowViewGraph.swift */ = {isa = PBXFileReference; lastKnownFileType = sourcecode.swift; path = ArrowViewGraph.swift; sourceTree = "<group>"; };
		FAFEC33427DA7BBA009BEAE2 /* VisualEffectBlur.swift */ = {isa = PBXFileReference; lastKnownFileType = sourcecode.swift; path = VisualEffectBlur.swift; sourceTree = "<group>"; };
		FAFEC33727DA7C90009BEAE2 /* BlurView.swift */ = {isa = PBXFileReference; lastKnownFileType = sourcecode.swift; path = BlurView.swift; sourceTree = "<group>"; };
/* End PBXFileReference section */

/* Begin PBXFrameworksBuildPhase section */
		FAD169AE271DFAAE00C21397 /* Frameworks */ = {
			isa = PBXFrameworksBuildPhase;
			buildActionMask = 2147483647;
			files = (
				FA24FDCD27D3F9B9003EE197 /* CloudKit.framework in Frameworks */,
				FA7BC5BA27C9822500816E59 /* CodeScanner in Frameworks */,
				FAD169E2271DFB1000C21397 /* HealthKit.framework in Frameworks */,
				FAB25D1E27D9758900033377 /* Lottie in Frameworks */,
			);
			runOnlyForDeploymentPostprocessing = 0;
		};
/* End PBXFrameworksBuildPhase section */

/* Begin PBXGroup section */
		FA0081CC2720705A004719BE /* Home Group */ = {
			isa = PBXGroup;
			children = (
				FA8E989727BEAB8E00EA297B /* MatchedView.swift */,
			);
			path = "Home Group";
			sourceTree = "<group>";
		};
		FA0D6BC1279A135A002F7AFD /* Onboarding */ = {
			isa = PBXGroup;
			children = (
				FAAC72C627A3252600508702 /* WelcomeView.swift */,
			);
			path = Onboarding;
			sourceTree = "<group>";
		};
		FAD169A4271DFAAD00C21397 = {
			isa = PBXGroup;
			children = (
				FAC7DEF427D3F81A00006BE1 /* Dietic--iOS--Info.plist */,
				FAD169DF271DFB1000C21397 /* Dietic (iOS).entitlements */,
				FAD169A9271DFAAD00C21397 /* Shared */,
				FAD169B8271DFAAE00C21397 /* macOS */,
				FAD169B2271DFAAE00C21397 /* Products */,
				FAD169E0271DFB1000C21397 /* Frameworks */,
			);
			sourceTree = "<group>";
		};
		FAD169A9271DFAAD00C21397 /* Shared */ = {
			isa = PBXGroup;
			children = (
				FAD169AA271DFAAD00C21397 /* Dietic.swift */,
				FA844A0027EA81BC00323570 /* AppDelegate.swift */,
				FAD169AB271DFAAD00C21397 /* ContentView.swift */,
				FA9710FF29A189FD002ADC78 /* DietOptionsSegementedControl.swift */,
				FA35DA9D29A3DC9200D0A811 /* CustomSegementedControl.swift */,
				FAD169FD271DFD1C00C21397 /* Home.swift */,
				FA0081C027206F9B004719BE /* DietTitle.swift */,
				FA0081DF27209831004719BE /* DateChanger.swift */,
				FAFEC33127DA5F45009BEAE2 /* Diet Card */,
				FAFEC33227DA5FEC009BEAE2 /* Meals Today */,
				FAFEC33327DA60AC009BEAE2 /* Weight Card */,
				FAB2BEE927AC8A38009DA8E4 /* AddingFoodScreen.swift */,
				FAD1ADCD272125EA00785223 /* GoalSettings.swift */,
				FA80108027D95C77000CADD9 /* PlanView.swift */,
				FAC7DEED27D3F75200006BE1 /* SavedFoodsHistory.xcdatamodeld */,
				FAC7DEF127D3F7D400006BE1 /* Persistence.swift */,
				FA0D6BC1279A135A002F7AFD /* Onboarding */,
				FA0081CC2720705A004719BE /* Home Group */,
				FAD16A00271DFEFB00C21397 /* DietDetailView.swift */,
				FAF517BE27232F6D00BD54E7 /* MacronutrientAnalysis.swift */,
				FA719620279B1E6400A50598 /* LaunchScreen.storyboard */,
				FAF517CD27232FFF00BD54E7 /* Graph */,
				FAD169FC271DFD0900C21397 /* View Model */,
				FAD169FB271DFCF700C21397 /* Helpers  */,
				FAD169AC271DFAAE00C21397 /* Assets.xcassets */,
			);
			path = Shared;
			sourceTree = "<group>";
		};
		FAD169B2271DFAAE00C21397 /* Products */ = {
			isa = PBXGroup;
			children = (
				FAD169B1271DFAAE00C21397 /* Dietic.app */,
			);
			name = Products;
			sourceTree = "<group>";
		};
		FAD169B8271DFAAE00C21397 /* macOS */ = {
			isa = PBXGroup;
			children = (
				FAD169B9271DFAAE00C21397 /* macOS.entitlements */,
			);
			path = macOS;
			sourceTree = "<group>";
		};
		FAD169E0271DFB1000C21397 /* Frameworks */ = {
			isa = PBXGroup;
			children = (
				FA24FDCC27D3F9B9003EE197 /* CloudKit.framework */,
				FAD169E1271DFB1000C21397 /* HealthKit.framework */,
			);
			name = Frameworks;
			sourceTree = "<group>";
		};
		FAD169FB271DFCF700C21397 /* Helpers  */ = {
			isa = PBXGroup;
			children = (
				FAB25D1F27D9767500033377 /* LottieView.swift */,
				FAFEC33427DA7BBA009BEAE2 /* VisualEffectBlur.swift */,
				FAFEC33727DA7C90009BEAE2 /* BlurView.swift */,
				FA0081D9272072B5004719BE /* ShadowLevels.swift */,
				FAD169F2271DFC9100C21397 /* Calorie.swift */,
				FAD16A06271E07E400C21397 /* ColorHex.swift */,
				FAD169F5271DFCAA00C21397 /* DateExtension.swift */,
				FAD169F8271DFCD400C21397 /* HKBiologicalSex.swift */,
				FA0081CD272071F6004719BE /* RoundedCorners.swift */,
			);
			path = "Helpers ";
			sourceTree = "<group>";
		};
		FAD169FC271DFD0900C21397 /* View Model */ = {
			isa = PBXGroup;
			children = (
				FAD169EF271DFC5A00C21397 /* FastingManager.swift */,
			);
			path = "View Model";
			sourceTree = "<group>";
		};
		FAF517CD27232FFF00BD54E7 /* Graph */ = {
			isa = PBXGroup;
			children = (
				FAF517BB27232F3B00BD54E7 /* CapsuleMacroView.swift */,
				FAF517B227232B2B00BD54E7 /* Bar.swift */,
				FAF517B527232B4400BD54E7 /* BarGraphBackground.swift */,
				FAF517B827232B6400BD54E7 /* DashedLine.swift */,
				FAF517C127232F9400BD54E7 /* CompleteGraph.swift */,
				FAF517C427232FA500BD54E7 /* BarGraph.swift */,
				FAF517C727232FBC00BD54E7 /* TextGraph.swift */,
				FAF517CA27232FCB00BD54E7 /* ArrowViewGraph.swift */,
			);
			path = Graph;
			sourceTree = "<group>";
		};
		FAFEC33127DA5F45009BEAE2 /* Diet Card */ = {
			isa = PBXGroup;
			children = (
				FA0081C327206FDA004719BE /* DietCard.swift */,
				FA0081C62720700E004719BE /* DietCardMainLabel.swift */,
				FAA2BD4028A0CBDC000E3D86 /* DietCardEatenLabel.swift */,
				FAD16A03271E042B00C21397 /* ProgressRingView.swift */,
				FA0081C927207039004719BE /* MacroLabel.swift */,
			);
			path = "Diet Card";
			sourceTree = "<group>";
		};
		FAFEC33227DA5FEC009BEAE2 /* Meals Today */ = {
			isa = PBXGroup;
			children = (
				FA0081D327207259004719BE /* MealsToday.swift */,
				FA95577527B57B1A009FFE27 /* DiaryViewBackground.swift */,
				FA0081D027207226004719BE /* MealCard.swift */,
				FA0081D627207286004719BE /* SnackCard.swift */,
				FA72D58327D2E76C00EFFCC4 /* AddMoreFoodView.swift */,
				FA1E35C327ECD20E007864F6 /* ListStyleTest.swift */,
				FA90011727D80CC8003A8F81 /* InstantQueryResponseView.swift */,
				FA43D71E27B4988000A709B3 /* JsonResponseView.swift */,
				FA17BF4727C0528C00F662C6 /* EditingResultsView.swift */,
				FAC091C427D9143C00679C75 /* BarcodeButton.swift */,
			);
			path = "Meals Today";
			sourceTree = "<group>";
		};
		FAFEC33327DA60AC009BEAE2 /* Weight Card */ = {
			isa = PBXGroup;
			children = (
				FA0081DC27209455004719BE /* WeightCard.swift */,
			);
			path = "Weight Card";
			sourceTree = "<group>";
		};
/* End PBXGroup section */

/* Begin PBXNativeTarget section */
		FAD169B0271DFAAE00C21397 /* Dietic (iOS) */ = {
			isa = PBXNativeTarget;
			buildConfigurationList = FAD169C2271DFAAE00C21397 /* Build configuration list for PBXNativeTarget "Dietic (iOS)" */;
			buildPhases = (
				FAD169AD271DFAAE00C21397 /* Sources */,
				FAD169AE271DFAAE00C21397 /* Frameworks */,
				FAD169AF271DFAAE00C21397 /* Resources */,
			);
			buildRules = (
			);
			dependencies = (
			);
			name = "Dietic (iOS)";
			packageProductDependencies = (
				FA7BC5B927C9822500816E59 /* CodeScanner */,
				FAB25D1D27D9758900033377 /* Lottie */,
			);
			productName = "Deficit2.0 (iOS)";
			productReference = FAD169B1271DFAAE00C21397 /* Dietic.app */;
			productType = "com.apple.product-type.application";
		};
/* End PBXNativeTarget section */

/* Begin PBXProject section */
		FAD169A5271DFAAD00C21397 /* Project object */ = {
			isa = PBXProject;
			attributes = {
				BuildIndependentTargetsInParallel = 1;
				LastSwiftUpdateCheck = 1300;
				LastUpgradeCheck = 1310;
				TargetAttributes = {
					FAD169B0271DFAAE00C21397 = {
						CreatedOnToolsVersion = 13.0;
					};
				};
			};
			buildConfigurationList = FAD169A8271DFAAD00C21397 /* Build configuration list for PBXProject "Dietic" */;
			compatibilityVersion = "Xcode 13.0";
			developmentRegion = en;
			hasScannedForEncodings = 0;
			knownRegions = (
				en,
				Base,
			);
			mainGroup = FAD169A4271DFAAD00C21397;
			packageReferences = (
				FA7BC5B827C9822500816E59 /* XCRemoteSwiftPackageReference "CodeScanner" */,
				FAB25D1C27D9758900033377 /* XCRemoteSwiftPackageReference "lottie-ios" */,
			);
			productRefGroup = FAD169B2271DFAAE00C21397 /* Products */;
			projectDirPath = "";
			projectRoot = "";
			targets = (
				FAD169B0271DFAAE00C21397 /* Dietic (iOS) */,
			);
		};
/* End PBXProject section */

/* Begin PBXResourcesBuildPhase section */
		FAD169AF271DFAAE00C21397 /* Resources */ = {
			isa = PBXResourcesBuildPhase;
			buildActionMask = 2147483647;
			files = (
				FAD169BE271DFAAE00C21397 /* Assets.xcassets in Resources */,
				FA719621279B1E6400A50598 /* LaunchScreen.storyboard in Resources */,
			);
			runOnlyForDeploymentPostprocessing = 0;
		};
/* End PBXResourcesBuildPhase section */

/* Begin PBXSourcesBuildPhase section */
		FAD169AD271DFAAE00C21397 /* Sources */ = {
			isa = PBXSourcesBuildPhase;
			buildActionMask = 2147483647;
			files = (
				FAD169F0271DFC5A00C21397 /* FastingManager.swift in Sources */,
				FA35DA9E29A3DC9200D0A811 /* CustomSegementedControl.swift in Sources */,
				FAF517B327232B2B00BD54E7 /* Bar.swift in Sources */,
				FAF517B627232B4400BD54E7 /* BarGraphBackground.swift in Sources */,
				FAC7DEF227D3F7D400006BE1 /* Persistence.swift in Sources */,
				FA43D71F27B4988000A709B3 /* JsonResponseView.swift in Sources */,
				FAF517BC27232F3B00BD54E7 /* CapsuleMacroView.swift in Sources */,
				FA0081CA27207039004719BE /* MacroLabel.swift in Sources */,
				FAAC72C727A3252600508702 /* WelcomeView.swift in Sources */,
				FA8E989827BEAB8E00EA297B /* MatchedView.swift in Sources */,
				FAF517C227232F9400BD54E7 /* CompleteGraph.swift in Sources */,
				FAFEC33527DA7BBA009BEAE2 /* VisualEffectBlur.swift in Sources */,
				FA844A0127EA81BC00323570 /* AppDelegate.swift in Sources */,
				FAB25D2027D9767500033377 /* LottieView.swift in Sources */,
				FA0081D127207226004719BE /* MealCard.swift in Sources */,
				FAD1ADCE272125EA00785223 /* GoalSettings.swift in Sources */,
				FAC091C527D9143C00679C75 /* BarcodeButton.swift in Sources */,
				FA95577627B57B1A009FFE27 /* DiaryViewBackground.swift in Sources */,
				FAD16A07271E07E400C21397 /* ColorHex.swift in Sources */,
				FAB2BEEA27AC8A38009DA8E4 /* AddingFoodScreen.swift in Sources */,
				FAD169F6271DFCAA00C21397 /* DateExtension.swift in Sources */,
				FAD169F9271DFCD400C21397 /* HKBiologicalSex.swift in Sources */,
				FA0081E027209831004719BE /* DateChanger.swift in Sources */,
				FA0081D727207286004719BE /* SnackCard.swift in Sources */,
				FA97110029A189FD002ADC78 /* DietOptionsSegementedControl.swift in Sources */,
				FAF517CB27232FCB00BD54E7 /* ArrowViewGraph.swift in Sources */,
				FA80108127D95C77000CADD9 /* PlanView.swift in Sources */,
				FAA2BD4128A0CBDC000E3D86 /* DietCardEatenLabel.swift in Sources */,
				FAD16A01271DFEFB00C21397 /* DietDetailView.swift in Sources */,
				FAD169BC271DFAAE00C21397 /* ContentView.swift in Sources */,
				FAD169BA271DFAAE00C21397 /* Dietic.swift in Sources */,
				FAF517B927232B6400BD54E7 /* DashedLine.swift in Sources */,
				FA1E35C427ECD20E007864F6 /* ListStyleTest.swift in Sources */,
				FA0081D427207259004719BE /* MealsToday.swift in Sources */,
				FAD169F3271DFC9100C21397 /* Calorie.swift in Sources */,
				FA90011827D80CC8003A8F81 /* InstantQueryResponseView.swift in Sources */,
				FAD169FE271DFD1C00C21397 /* Home.swift in Sources */,
				FA0081CE272071F6004719BE /* RoundedCorners.swift in Sources */,
				FA0081C427206FDA004719BE /* DietCard.swift in Sources */,
				FA0081C72720700E004719BE /* DietCardMainLabel.swift in Sources */,
				FAF517C827232FBC00BD54E7 /* TextGraph.swift in Sources */,
				FA0081DA272072B5004719BE /* ShadowLevels.swift in Sources */,
				FA0081DD27209455004719BE /* WeightCard.swift in Sources */,
				FA0081C127206F9B004719BE /* DietTitle.swift in Sources */,
				FAFEC33827DA7C90009BEAE2 /* BlurView.swift in Sources */,
				FAF517BF27232F6D00BD54E7 /* MacronutrientAnalysis.swift in Sources */,
				FAD16A04271E042B00C21397 /* ProgressRingView.swift in Sources */,
				FA17BF4827C0528C00F662C6 /* EditingResultsView.swift in Sources */,
				FAF517C527232FA500BD54E7 /* BarGraph.swift in Sources */,
				FAC7DEEF27D3F75200006BE1 /* SavedFoodsHistory.xcdatamodeld in Sources */,
				FA72D58427D2E76C00EFFCC4 /* AddMoreFoodView.swift in Sources */,
			);
			runOnlyForDeploymentPostprocessing = 0;
		};
/* End PBXSourcesBuildPhase section */

/* Begin XCBuildConfiguration section */
		FAD169C0271DFAAE00C21397 /* Debug */ = {
			isa = XCBuildConfiguration;
			buildSettings = {
				ALWAYS_SEARCH_USER_PATHS = NO;
				CLANG_ANALYZER_NONNULL = YES;
				CLANG_ANALYZER_NUMBER_OBJECT_CONVERSION = YES_AGGRESSIVE;
				CLANG_CXX_LANGUAGE_STANDARD = "gnu++17";
				CLANG_CXX_LIBRARY = "libc++";
				CLANG_ENABLE_MODULES = YES;
				CLANG_ENABLE_OBJC_ARC = YES;
				CLANG_ENABLE_OBJC_WEAK = YES;
				CLANG_WARN_BLOCK_CAPTURE_AUTORELEASING = YES;
				CLANG_WARN_BOOL_CONVERSION = YES;
				CLANG_WARN_COMMA = YES;
				CLANG_WARN_CONSTANT_CONVERSION = YES;
				CLANG_WARN_DEPRECATED_OBJC_IMPLEMENTATIONS = YES;
				CLANG_WARN_DIRECT_OBJC_ISA_USAGE = YES_ERROR;
				CLANG_WARN_DOCUMENTATION_COMMENTS = YES;
				CLANG_WARN_EMPTY_BODY = YES;
				CLANG_WARN_ENUM_CONVERSION = YES;
				CLANG_WARN_INFINITE_RECURSION = YES;
				CLANG_WARN_INT_CONVERSION = YES;
				CLANG_WARN_NON_LITERAL_NULL_CONVERSION = YES;
				CLANG_WARN_OBJC_IMPLICIT_RETAIN_SELF = YES;
				CLANG_WARN_OBJC_LITERAL_CONVERSION = YES;
				CLANG_WARN_OBJC_ROOT_CLASS = YES_ERROR;
				CLANG_WARN_QUOTED_INCLUDE_IN_FRAMEWORK_HEADER = YES;
				CLANG_WARN_RANGE_LOOP_ANALYSIS = YES;
				CLANG_WARN_STRICT_PROTOTYPES = YES;
				CLANG_WARN_SUSPICIOUS_MOVE = YES;
				CLANG_WARN_UNGUARDED_AVAILABILITY = YES_AGGRESSIVE;
				CLANG_WARN_UNREACHABLE_CODE = YES;
				CLANG_WARN__DUPLICATE_METHOD_MATCH = YES;
				COPY_PHASE_STRIP = NO;
				DEBUG_INFORMATION_FORMAT = dwarf;
				ENABLE_STRICT_OBJC_MSGSEND = YES;
				ENABLE_TESTABILITY = YES;
				GCC_C_LANGUAGE_STANDARD = gnu11;
				GCC_DYNAMIC_NO_PIC = NO;
				GCC_NO_COMMON_BLOCKS = YES;
				GCC_OPTIMIZATION_LEVEL = 0;
				GCC_PREPROCESSOR_DEFINITIONS = (
					"DEBUG=1",
					"$(inherited)",
				);
				GCC_WARN_64_TO_32_BIT_CONVERSION = YES;
				GCC_WARN_ABOUT_RETURN_TYPE = YES_ERROR;
				GCC_WARN_UNDECLARED_SELECTOR = YES;
				GCC_WARN_UNINITIALIZED_AUTOS = YES_AGGRESSIVE;
				GCC_WARN_UNUSED_FUNCTION = YES;
				GCC_WARN_UNUSED_VARIABLE = YES;
				MTL_ENABLE_DEBUG_INFO = INCLUDE_SOURCE;
				MTL_FAST_MATH = YES;
				ONLY_ACTIVE_ARCH = YES;
				SWIFT_ACTIVE_COMPILATION_CONDITIONS = DEBUG;
				SWIFT_OPTIMIZATION_LEVEL = "-Onone";
			};
			name = Debug;
		};
		FAD169C1271DFAAE00C21397 /* Release */ = {
			isa = XCBuildConfiguration;
			buildSettings = {
				ALWAYS_SEARCH_USER_PATHS = NO;
				CLANG_ANALYZER_NONNULL = YES;
				CLANG_ANALYZER_NUMBER_OBJECT_CONVERSION = YES_AGGRESSIVE;
				CLANG_CXX_LANGUAGE_STANDARD = "gnu++17";
				CLANG_CXX_LIBRARY = "libc++";
				CLANG_ENABLE_MODULES = YES;
				CLANG_ENABLE_OBJC_ARC = YES;
				CLANG_ENABLE_OBJC_WEAK = YES;
				CLANG_WARN_BLOCK_CAPTURE_AUTORELEASING = YES;
				CLANG_WARN_BOOL_CONVERSION = YES;
				CLANG_WARN_COMMA = YES;
				CLANG_WARN_CONSTANT_CONVERSION = YES;
				CLANG_WARN_DEPRECATED_OBJC_IMPLEMENTATIONS = YES;
				CLANG_WARN_DIRECT_OBJC_ISA_USAGE = YES_ERROR;
				CLANG_WARN_DOCUMENTATION_COMMENTS = YES;
				CLANG_WARN_EMPTY_BODY = YES;
				CLANG_WARN_ENUM_CONVERSION = YES;
				CLANG_WARN_INFINITE_RECURSION = YES;
				CLANG_WARN_INT_CONVERSION = YES;
				CLANG_WARN_NON_LITERAL_NULL_CONVERSION = YES;
				CLANG_WARN_OBJC_IMPLICIT_RETAIN_SELF = YES;
				CLANG_WARN_OBJC_LITERAL_CONVERSION = YES;
				CLANG_WARN_OBJC_ROOT_CLASS = YES_ERROR;
				CLANG_WARN_QUOTED_INCLUDE_IN_FRAMEWORK_HEADER = YES;
				CLANG_WARN_RANGE_LOOP_ANALYSIS = YES;
				CLANG_WARN_STRICT_PROTOTYPES = YES;
				CLANG_WARN_SUSPICIOUS_MOVE = YES;
				CLANG_WARN_UNGUARDED_AVAILABILITY = YES_AGGRESSIVE;
				CLANG_WARN_UNREACHABLE_CODE = YES;
				CLANG_WARN__DUPLICATE_METHOD_MATCH = YES;
				COPY_PHASE_STRIP = NO;
				DEBUG_INFORMATION_FORMAT = "dwarf-with-dsym";
				ENABLE_NS_ASSERTIONS = NO;
				ENABLE_STRICT_OBJC_MSGSEND = YES;
				GCC_C_LANGUAGE_STANDARD = gnu11;
				GCC_NO_COMMON_BLOCKS = YES;
				GCC_WARN_64_TO_32_BIT_CONVERSION = YES;
				GCC_WARN_ABOUT_RETURN_TYPE = YES_ERROR;
				GCC_WARN_UNDECLARED_SELECTOR = YES;
				GCC_WARN_UNINITIALIZED_AUTOS = YES_AGGRESSIVE;
				GCC_WARN_UNUSED_FUNCTION = YES;
				GCC_WARN_UNUSED_VARIABLE = YES;
				MTL_ENABLE_DEBUG_INFO = NO;
				MTL_FAST_MATH = YES;
				SWIFT_COMPILATION_MODE = wholemodule;
				SWIFT_OPTIMIZATION_LEVEL = "-O";
			};
			name = Release;
		};
		FAD169C3271DFAAE00C21397 /* Debug */ = {
			isa = XCBuildConfiguration;
			buildSettings = {
				ASSETCATALOG_COMPILER_APPICON_NAME = AppIcon;
				ASSETCATALOG_COMPILER_GLOBAL_ACCENT_COLOR_NAME = AccentColor;
				CODE_SIGN_ENTITLEMENTS = "Dietic (iOS).entitlements";
				CODE_SIGN_IDENTITY = "Apple Development";
				CODE_SIGN_STYLE = Automatic;
				CURRENT_PROJECT_VERSION = 5;
				DEVELOPMENT_TEAM = YVJLT6Y577;
				ENABLE_PREVIEWS = YES;
				GENERATE_INFOPLIST_FILE = YES;
				INFOPLIST_FILE = "Dietic--iOS--Info.plist";
				INFOPLIST_KEY_NSCameraUsageDescription = "To scan your barcodes";
				INFOPLIST_KEY_NSHealthClinicalHealthRecordsShareUsageDescription = "To read your health data to do calculations";
				INFOPLIST_KEY_NSHealthShareUsageDescription = "Dietic will use these metrics for calculations";
				INFOPLIST_KEY_NSHealthUpdateUsageDescription = "Dietic will sync all the data entered to the Health App";
				INFOPLIST_KEY_UIApplicationSceneManifest_Generation = YES;
				INFOPLIST_KEY_UIApplicationSupportsIndirectInputEvents = YES;
				INFOPLIST_KEY_UILaunchScreen_Generation = YES;
				INFOPLIST_KEY_UILaunchStoryboardName = LaunchScreen;
				INFOPLIST_KEY_UISupportedInterfaceOrientations = UIInterfaceOrientationPortrait;
				INFOPLIST_KEY_UISupportedInterfaceOrientations_iPad = "UIInterfaceOrientationPortrait UIInterfaceOrientationPortraitUpsideDown UIInterfaceOrientationLandscapeLeft UIInterfaceOrientationLandscapeRight";
				INFOPLIST_KEY_UISupportedInterfaceOrientations_iPhone = UIInterfaceOrientationPortrait;
				IPHONEOS_DEPLOYMENT_TARGET = 16.0;
				LD_RUNPATH_SEARCH_PATHS = (
					"$(inherited)",
					"@executable_path/Frameworks",
				);
				MARKETING_VERSION = 0.1;
				PRODUCT_BUNDLE_IDENTIFIER = co.yotzin.Dietic;
				PRODUCT_NAME = Dietic;
				PROVISIONING_PROFILE_SPECIFIER = "";
				SDKROOT = iphoneos;
				SWIFT_EMIT_LOC_STRINGS = YES;
				SWIFT_VERSION = 5.0;
				TARGETED_DEVICE_FAMILY = 1;
			};
			name = Debug;
		};
		FAD169C4271DFAAE00C21397 /* Release */ = {
			isa = XCBuildConfiguration;
			buildSettings = {
				ASSETCATALOG_COMPILER_APPICON_NAME = AppIcon;
				ASSETCATALOG_COMPILER_GLOBAL_ACCENT_COLOR_NAME = AccentColor;
				CODE_SIGN_ENTITLEMENTS = "Dietic (iOS).entitlements";
				CODE_SIGN_IDENTITY = "Apple Development";
				CODE_SIGN_STYLE = Automatic;
				CURRENT_PROJECT_VERSION = 5;
				DEVELOPMENT_TEAM = YVJLT6Y577;
				ENABLE_PREVIEWS = YES;
				GENERATE_INFOPLIST_FILE = YES;
				INFOPLIST_FILE = "Dietic--iOS--Info.plist";
				INFOPLIST_KEY_NSCameraUsageDescription = "To scan your barcodes";
				INFOPLIST_KEY_NSHealthClinicalHealthRecordsShareUsageDescription = "To read your health data to do calculations";
				INFOPLIST_KEY_NSHealthShareUsageDescription = "Dietic will use these metrics for calculations";
				INFOPLIST_KEY_NSHealthUpdateUsageDescription = "Dietic will sync all the data entered to the Health App";
				INFOPLIST_KEY_UIApplicationSceneManifest_Generation = YES;
				INFOPLIST_KEY_UIApplicationSupportsIndirectInputEvents = YES;
				INFOPLIST_KEY_UILaunchScreen_Generation = YES;
				INFOPLIST_KEY_UILaunchStoryboardName = LaunchScreen;
				INFOPLIST_KEY_UISupportedInterfaceOrientations = UIInterfaceOrientationPortrait;
				INFOPLIST_KEY_UISupportedInterfaceOrientations_iPad = "UIInterfaceOrientationPortrait UIInterfaceOrientationPortraitUpsideDown UIInterfaceOrientationLandscapeLeft UIInterfaceOrientationLandscapeRight";
				INFOPLIST_KEY_UISupportedInterfaceOrientations_iPhone = UIInterfaceOrientationPortrait;
				IPHONEOS_DEPLOYMENT_TARGET = 16.0;
				LD_RUNPATH_SEARCH_PATHS = (
					"$(inherited)",
					"@executable_path/Frameworks",
				);
				MARKETING_VERSION = 0.1;
				PRODUCT_BUNDLE_IDENTIFIER = co.yotzin.Dietic;
				PRODUCT_NAME = Dietic;
				PROVISIONING_PROFILE_SPECIFIER = "";
				SDKROOT = iphoneos;
				SWIFT_EMIT_LOC_STRINGS = YES;
				SWIFT_VERSION = 5.0;
				TARGETED_DEVICE_FAMILY = 1;
				VALIDATE_PRODUCT = YES;
			};
			name = Release;
		};
/* End XCBuildConfiguration section */

/* Begin XCConfigurationList section */
		FAD169A8271DFAAD00C21397 /* Build configuration list for PBXProject "Dietic" */ = {
			isa = XCConfigurationList;
			buildConfigurations = (
				FAD169C0271DFAAE00C21397 /* Debug */,
				FAD169C1271DFAAE00C21397 /* Release */,
			);
			defaultConfigurationIsVisible = 0;
			defaultConfigurationName = Release;
		};
		FAD169C2271DFAAE00C21397 /* Build configuration list for PBXNativeTarget "Dietic (iOS)" */ = {
			isa = XCConfigurationList;
			buildConfigurations = (
				FAD169C3271DFAAE00C21397 /* Debug */,
				FAD169C4271DFAAE00C21397 /* Release */,
			);
			defaultConfigurationIsVisible = 0;
			defaultConfigurationName = Release;
		};
/* End XCConfigurationList section */

/* Begin XCRemoteSwiftPackageReference section */
		FA7BC5B827C9822500816E59 /* XCRemoteSwiftPackageReference "CodeScanner" */ = {
			isa = XCRemoteSwiftPackageReference;
			repositoryURL = "https://github.com/twostraws/CodeScanner";
			requirement = {
				branch = main;
				kind = branch;
			};
		};
		FAB25D1C27D9758900033377 /* XCRemoteSwiftPackageReference "lottie-ios" */ = {
			isa = XCRemoteSwiftPackageReference;
			repositoryURL = "https://github.com/airbnb/lottie-ios";
			requirement = {
				kind = upToNextMajorVersion;
				minimumVersion = 3.0.0;
			};
		};
/* End XCRemoteSwiftPackageReference section */

/* Begin XCSwiftPackageProductDependency section */
		FA7BC5B927C9822500816E59 /* CodeScanner */ = {
			isa = XCSwiftPackageProductDependency;
			package = FA7BC5B827C9822500816E59 /* XCRemoteSwiftPackageReference "CodeScanner" */;
			productName = CodeScanner;
		};
		FAB25D1D27D9758900033377 /* Lottie */ = {
			isa = XCSwiftPackageProductDependency;
			package = FAB25D1C27D9758900033377 /* XCRemoteSwiftPackageReference "lottie-ios" */;
			productName = Lottie;
		};
/* End XCSwiftPackageProductDependency section */

/* Begin XCVersionGroup section */
		FAC7DEED27D3F75200006BE1 /* SavedFoodsHistory.xcdatamodeld */ = {
			isa = XCVersionGroup;
			children = (
				FAC7DEEE27D3F75200006BE1 /* SavedFoodsHistory.xcdatamodel */,
			);
			currentVersion = FAC7DEEE27D3F75200006BE1 /* SavedFoodsHistory.xcdatamodel */;
			path = SavedFoodsHistory.xcdatamodeld;
			sourceTree = "<group>";
			versionGroupType = wrapper.xcdatamodel;
		};
/* End XCVersionGroup section */
	};
	rootObject = FAD169A5271DFAAD00C21397 /* Project object */;
}
